
Microsoft Visual Studio Solution File, Format Version 12.00
# Visual Studio Version 17
VisualStudioVersion = 17.4.33205.214
MinimumVisualStudioVersion = 10.0.40219.1
Project("{FAE04EC0-301F-11D3-BF4B-00C04F79EFBC}") = "MyLittleScraper", "MyLittleScraper\MyLittleScraper.csproj", "{318424C3-8715-4DAF-AB4F-0743641EF34F}"
EndProject
Global
	GlobalSection(SolutionConfigurationPlatforms) = preSolution
		Debug|Any CPU = Debug|Any CPU
		Release|Any CPU = Release|Any CPU
	EndGlobalSection
	GlobalSection(ProjectConfigurationPlatforms) = postSolution
		{318424C3-8715-4DAF-AB4F-0743641EF34F}.Debug|Any CPU.ActiveCfg = Debug|Any CPU
		{318424C3-8715-4DAF-AB4F-0743641EF34F}.Debug|Any CPU.Build.0 = Debug|Any CPU
		{318424C3-8715-4DAF-AB4F-0743641EF34F}.Release|Any CPU.ActiveCfg = Release|Any CPU
		{318424C3-8715-4DAF-AB4F-0743641EF34F}.Release|Any CPU.Build.0 = Release|Any CPU
	EndGlobalSection
	GlobalSection(SolutionProperties) = preSolution
		HideSolutionNode = FALSE
	EndGlobalSection
	GlobalSection(ExtensibilityGlobals) = postSolution
		SolutionGuid = {C634D633-1448-40A7-BA18-3F85577ADE7A}
	EndGlobalSection
EndGlobal
